
Microsoft Visual Studio Solution File, Format Version 12.00
# Visual Studio 15
VisualStudioVersion = 15.0.28307.102
MinimumVisualStudioVersion = 10.0.40219.1
Project("{FAE04EC0-301F-11D3-BF4B-00C04F79EFBC}") = "Med.Egov.Lib", "Med.Egov.Lib\Med.Egov.Lib.csproj", "{40EA282F-1C2D-4409-969F-00DC7941B14E}"
EndProject
Global
	GlobalSection(SolutionConfigurationPlatforms) = preSolution
		Debug|Any CPU = Debug|Any CPU
		Release|Any CPU = Release|Any CPU
	EndGlobalSection
	GlobalSection(ProjectConfigurationPlatforms) = postSolution
		{40EA282F-1C2D-4409-969F-00DC7941B14E}.Debug|Any CPU.ActiveCfg = Debug|Any CPU
		{40EA282F-1C2D-4409-969F-00DC7941B14E}.Debug|Any CPU.Build.0 = Debug|Any CPU
		{40EA282F-1C2D-4409-969F-00DC7941B14E}.Release|Any CPU.ActiveCfg = Release|Any CPU
		{40EA282F-1C2D-4409-969F-00DC7941B14E}.Release|Any CPU.Build.0 = Release|Any CPU
	EndGlobalSection
	GlobalSection(SolutionProperties) = preSolution
		HideSolutionNode = FALSE
	EndGlobalSection
	GlobalSection(ExtensibilityGlobals) = postSolution
		SolutionGuid = {D98FD6E5-8309-42F3-A395-A2B5EF8D9B5D}
	EndGlobalSection
EndGlobal
